
Microsoft Visual Studio Solution File, Format Version 12.00
# Visual Studio 15
VisualStudioVersion = 15.0.28307.168
MinimumVisualStudioVersion = 10.0.40219.1
Project("{FAE04EC0-301F-11D3-BF4B-00C04F79EFBC}") = "SolidPrinciples.OpenClosed", "SolidPrinciples.OpenClosed\SolidPrinciples.OpenClosed.csproj", "{8DCFAF50-52A5-4036-95A0-6A88D540EEBC}"
EndProject
Project("{FAE04EC0-301F-11D3-BF4B-00C04F79EFBC}") = "SolidPrinciples.Test", "SolidPrinciples.Test\SolidPrinciples.Test.csproj", "{23710EEA-0C6E-4EB5-A110-8626D06B2E3E}"
EndProject
Global
	GlobalSection(SolutionConfigurationPlatforms) = preSolution
		Debug|Any CPU = Debug|Any CPU
		Release|Any CPU = Release|Any CPU
	EndGlobalSection
	GlobalSection(ProjectConfigurationPlatforms) = postSolution
		{8DCFAF50-52A5-4036-95A0-6A88D540EEBC}.Debug|Any CPU.ActiveCfg = Debug|Any CPU
		{8DCFAF50-52A5-4036-95A0-6A88D540EEBC}.Debug|Any CPU.Build.0 = Debug|Any CPU
		{8DCFAF50-52A5-4036-95A0-6A88D540EEBC}.Release|Any CPU.ActiveCfg = Release|Any CPU
		{8DCFAF50-52A5-4036-95A0-6A88D540EEBC}.Release|Any CPU.Build.0 = Release|Any CPU
		{23710EEA-0C6E-4EB5-A110-8626D06B2E3E}.Debug|Any CPU.ActiveCfg = Debug|Any CPU
		{23710EEA-0C6E-4EB5-A110-8626D06B2E3E}.Debug|Any CPU.Build.0 = Debug|Any CPU
		{23710EEA-0C6E-4EB5-A110-8626D06B2E3E}.Release|Any CPU.ActiveCfg = Release|Any CPU
		{23710EEA-0C6E-4EB5-A110-8626D06B2E3E}.Release|Any CPU.Build.0 = Release|Any CPU
	EndGlobalSection
	GlobalSection(SolutionProperties) = preSolution
		HideSolutionNode = FALSE
	EndGlobalSection
	GlobalSection(ExtensibilityGlobals) = postSolution
		SolutionGuid = {BD41F39C-41C6-4FF4-B89E-4E24C4F76C30}
	EndGlobalSection
EndGlobal
